
Microsoft Visual Studio Solution File, Format Version 12.00
Project("{2150E333-8FDC-42A3-9474-1A3956D46DE8}") = "Core", "Core", "{FBF56CC3-7AE6-AD2D-3F14-7F97FD322CD6}"
EndProject
Project("{FAE04EC0-301F-11D3-BF4B-00C04F79EFBC}") = "MinimalApiPipeline", "src\MinimalApiPipeline\MinimalApiPipeline.csproj", "{1BE579F7-78FD-4007-9272-679A65E7580B}"
EndProject
Project("{2150E333-8FDC-42A3-9474-1A3956D46DE8}") = "Infrastructure", "Infrastructure", "{DFEE68D8-A7D0-1A41-506C-9B74AA9A7B7B}"
EndProject
Project("{FAE04EC0-301F-11D3-BF4B-00C04F79EFBC}") = "AdvancedServicePatterns", "src\AdvancedServicePatterns\AdvancedServicePatterns.csproj", "{41872478-074B-4CE6-97C2-5B00371780F7}"
EndProject
Project("{FAE04EC0-301F-11D3-BF4B-00C04F79EFBC}") = "ResiliencePatterns", "src\ResiliencePatterns\ResiliencePatterns.csproj", "{86BD7F9F-A41A-4260-B4DA-16754996C5C1}"
EndProject
Project("{FAE04EC0-301F-11D3-BF4B-00C04F79EFBC}") = "SecurityPatterns", "src\SecurityPatterns\SecurityPatterns.csproj", "{3EE2B0DB-67D2-4808-83E5-ACB587F0F1F4}"
EndProject
Project("{FAE04EC0-301F-11D3-BF4B-00C04F79EFBC}") = "DataPersistencePatterns", "src\DataPersistencePatterns\DataPersistencePatterns.csproj", "{A3EB64F6-29B2-49A5-975A-C0C9514B2372}"
EndProject
Project("{FAE04EC0-301F-11D3-BF4B-00C04F79EFBC}") = "MessagingPatterns", "src\MessagingPatterns\MessagingPatterns.csproj", "{41E703C0-0995-414A-9A52-91B11493E740}"
EndProject
Project("{FAE04EC0-301F-11D3-BF4B-00C04F79EFBC}") = "ObservabilityPatterns", "src\ObservabilityPatterns\ObservabilityPatterns.csproj", "{8319943C-2A13-4012-9E30-1E0850755862}"
EndProject
Project("{FAE04EC0-301F-11D3-BF4B-00C04F79EFBC}") = "ApiDesignPatterns", "src\ApiDesignPatterns\ApiDesignPatterns.csproj", "{71058AA3-FD41-4310-AFA1-4D0E56D045D8}"
EndProject
Project("{FAE04EC0-301F-11D3-BF4B-00C04F79EFBC}") = "PerformancePatterns", "src\PerformancePatterns\PerformancePatterns.csproj", "{231D5247-F7B4-478F-8E15-455C84CB653C}"
EndProject
Project("{FAE04EC0-301F-11D3-BF4B-00C04F79EFBC}") = "LocalizationPatterns", "src\LocalizationPatterns\LocalizationPatterns.csproj", "{2A357834-9C93-494C-BCD5-6EFFF9AEB554}"
EndProject
Project("{FAE04EC0-301F-11D3-BF4B-00C04F79EFBC}") = "BackgroundJobsQuartz", "src\BackgroundJobsQuartz\BackgroundJobsQuartz.csproj", "{BDB0AB93-E7CB-44A7-A4C4-6C1DA202FA84}"
EndProject
Project("{FAE04EC0-301F-11D3-BF4B-00C04F79EFBC}") = "BackgroundJobsHangfire", "src\BackgroundJobsHangfire\BackgroundJobsHangfire.csproj", "{D36A7433-5740-4FA9-B8C8-1E4F0BD26CDE}"
EndProject
Project("{2150E333-8FDC-42A3-9474-1A3956D46DE8}") = "CleanArchitecture", "CleanArchitecture", "{32563528-547E-220F-B5B9-E847E3AFE754}"
EndProject
Project("{FAE04EC0-301F-11D3-BF4B-00C04F79EFBC}") = "CleanArchitecture.Domain", "src\CleanArchitecture\CleanArchitecture.Domain\CleanArchitecture.Domain.csproj", "{00E1614D-CCE3-42BF-B1A4-9EAD6E1D0A61}"
EndProject
Project("{FAE04EC0-301F-11D3-BF4B-00C04F79EFBC}") = "CleanArchitecture.Application", "src\CleanArchitecture\CleanArchitecture.Application\CleanArchitecture.Application.csproj", "{29045B23-D7E5-4AA1-B536-959809E7AD39}"
EndProject
Project("{FAE04EC0-301F-11D3-BF4B-00C04F79EFBC}") = "CleanArchitecture.Infrastructure", "src\CleanArchitecture\CleanArchitecture.Infrastructure\CleanArchitecture.Infrastructure.csproj", "{56A5B1CB-BF8F-4C07-99BD-307A98F16CE9}"
EndProject
Project("{FAE04EC0-301F-11D3-BF4B-00C04F79EFBC}") = "CleanArchitecture.Api", "src\CleanArchitecture\CleanArchitecture.Api\CleanArchitecture.Api.csproj", "{9FE5997B-684F-4986-B411-ABD4787CF1CB}"
EndProject
Project("{2150E333-8FDC-42A3-9474-1A3956D46DE8}") = "ArchitecturePatterns", "ArchitecturePatterns", "{C09FEB31-2A74-CE51-393E-E875634A3AB8}"
EndProject
Project("{FAE04EC0-301F-11D3-BF4B-00C04F79EFBC}") = "DomainEventsOutbox.Api", "src\DomainEventsOutbox\DomainEventsOutbox.Api\DomainEventsOutbox.Api.csproj", "{5D4563E9-7DC2-498B-A3CE-D7410F3DD751}"
EndProject
Project("{FAE04EC0-301F-11D3-BF4B-00C04F79EFBC}") = "EventSourcing.Api", "src\EventSourcing\EventSourcing.Api\EventSourcing.Api.csproj", "{F370658A-BF0F-4453-B54F-8DAB1DB31B9C}"
EndProject
Project("{FAE04EC0-301F-11D3-BF4B-00C04F79EFBC}") = "GrpcService.Api", "src\GrpcService\GrpcService.Api\GrpcService.Api.csproj", "{47E826B2-C60E-4619-A6FD-E69EC871F3F0}"
EndProject
Project("{FAE04EC0-301F-11D3-BF4B-00C04F79EFBC}") = "GrpcService.Client", "src\GrpcService\GrpcService.Client\GrpcService.Client.csproj", "{A589B70B-1B26-4D7A-8BB4-2E5AA837D15A}"
EndProject
Project("{FAE04EC0-301F-11D3-BF4B-00C04F79EFBC}") = "GraphQL.Api", "src\GraphQL\GraphQL.Api\GraphQL.Api.csproj", "{271F91A6-7395-4AAE-AE8D-B0A1C00AB3B3}"
EndProject
Project("{FAE04EC0-301F-11D3-BF4B-00C04F79EFBC}") = "SignalR.Api", "src\SignalR\SignalR.Api\SignalR.Api.csproj", "{23419FEC-2F8A-4501-81CA-B571E70E6031}"
EndProject
Project("{FAE04EC0-301F-11D3-BF4B-00C04F79EFBC}") = "SignalR.Client", "src\SignalR\SignalR.Client\SignalR.Client.csproj", "{9C4BAC06-8323-4B03-BF9C-6A7936939F8A}"
EndProject
Project("{FAE04EC0-301F-11D3-BF4B-00C04F79EFBC}") = "Gateway.Api", "src\Gateway\Gateway.Api\Gateway.Api.csproj", "{715A6A93-4CFF-40A3-A30E-CF54A0DE29AA}"
EndProject
Project("{FAE04EC0-301F-11D3-BF4B-00C04F79EFBC}") = "RefitClient.Api", "src\RefitClient\RefitClient.Api\RefitClient.Api.csproj", "{27631547-095D-44B2-8D55-005FCB7FE29F}"
EndProject
Project("{FAE04EC0-301F-11D3-BF4B-00C04F79EFBC}") = "AdvancedMediatR", "src\AdvancedMediatR\AdvancedMediatR.csproj", "{CA7C72DE-72DE-42AA-A449-2A303DE75256}"
EndProject
Project("{FAE04EC0-301F-11D3-BF4B-00C04F79EFBC}") = "AdvancedMessaging", "src\AdvancedMessaging\AdvancedMessaging.csproj", "{F063567E-F3BF-4D3D-B09C-AF33F46BF928}"
EndProject
Project("{FAE04EC0-301F-11D3-BF4B-00C04F79EFBC}") = "AdvancedDapr", "src\AdvancedDapr\AdvancedDapr.csproj", "{AE00BB59-8AFA-43AA-87C3-172F72E181EB}"
EndProject
Project("{2150E333-8FDC-42A3-9474-1A3956D46DE8}") = "Tests", "Tests", "{0AB3BF05-4346-4AA6-1389-037BE0695223}"
EndProject
Project("{FAE04EC0-301F-11D3-BF4B-00C04F79EFBC}") = "IntegrationTests", "tests\IntegrationTests\IntegrationTests.csproj", "{E03E304E-FC70-4F4E-831D-1F7FCACFD80D}"
EndProject
Project("{FAE04EC0-301F-11D3-BF4B-00C04F79EFBC}") = "AdvancedSecurity", "src\AdvancedSecurity\AdvancedSecurity.csproj", "{049651E9-C755-4E23-98BE-7617B73D0599}"
EndProject
Project("{FAE04EC0-301F-11D3-BF4B-00C04F79EFBC}") = "AspireApp.AppHost", "src\AspireApp\AspireApp.AppHost\AspireApp.AppHost.csproj", "{2A415ED1-5C5C-4893-A6B8-7D5A2CCDD5A6}"
EndProject
Project("{FAE04EC0-301F-11D3-BF4B-00C04F79EFBC}") = "AspireApp.ServiceDefaults", "src\AspireApp\AspireApp.ServiceDefaults\AspireApp.ServiceDefaults.csproj", "{1D873BF3-37ED-4BB1-AF8B-C01C22D0EC0B}"
EndProject
Project("{2150E333-8FDC-42A3-9474-1A3956D46DE8}") = "Performance", "Performance", "{D4B74A0E-1C52-E2FD-154E-FB64CAA65177}"
EndProject
Project("{FAE04EC0-301F-11D3-BF4B-00C04F79EFBC}") = "AdvancedCaching", "src\AdvancedCaching\AdvancedCaching.csproj", "{365D2715-E66B-4C7D-88FB-28CA64C06173}"
EndProject
Project("{2150E333-8FDC-42A3-9474-1A3956D46DE8}") = "DevOps", "DevOps", "{03CA3335-FC7F-6AB1-B4E7-D6FF0645643E}"
EndProject
Project("{FAE04EC0-301F-11D3-BF4B-00C04F79EFBC}") = "AdvancedMigrations", "src\AdvancedMigrations\AdvancedMigrations.csproj", "{60C8EA58-0920-4D39-AF58-4AEEA31D4ADF}"
EndProject
Project("{2150E333-8FDC-42A3-9474-1A3956D46DE8}") = "Security", "Security", "{4FD5FBA0-2B6D-9AF0-80AB-924D53C1394D}"
EndProject
Project("{FAE04EC0-301F-11D3-BF4B-00C04F79EFBC}") = "ZeroDownTimePasswordMigration", "src\ZeroDownTimePasswordMigration\ZeroDownTimePasswordMigration.csproj", "{EE06783B-12F9-45CC-862A-AAAA8A60F794}"
EndProject
Project("{2150E333-8FDC-42A3-9474-1A3956D46DE8}") = "Architecture", "Architecture", "{D537209B-64B2-F104-47DD-D798487C220C}"
EndProject
Project("{FAE04EC0-301F-11D3-BF4B-00C04F79EFBC}") = "AdvancedDi", "src\AdvancedDi\AdvancedDi.csproj", "{DDADC365-0CE7-42BA-B120-4EA0F0525266}"
EndProject
Project("{FAE04EC0-301F-11D3-BF4B-00C04F79EFBC}") = "AdvancedAsync", "src\AdvancedAsync\AdvancedAsync.csproj", "{64FA8BF4-3449-4BDA-BBF2-0E5CAE4A8980}"
EndProject
Project("{FAE04EC0-301F-11D3-BF4B-00C04F79EFBC}") = "AdvancedMessaging.Kafka", "src\AdvancedMessaging.Kafka\AdvancedMessaging.Kafka.csproj", "{848B0127-035F-41AC-9C4B-09EF656E0220}"
EndProject
Project("{FAE04EC0-301F-11D3-BF4B-00C04F79EFBC}") = "AdvancedMessaging.RabbitMQ", "src\AdvancedMessaging.RabbitMQ\AdvancedMessaging.RabbitMQ.csproj", "{D142C9D3-542A-420D-BA07-A83911910BEC}"
EndProject
Project("{FAE04EC0-301F-11D3-BF4B-00C04F79EFBC}") = "VerticalSliceArchitecture", "src\VerticalSliceArchitecture\VerticalSliceArchitecture.csproj", "{8E876EE6-5F06-4946-A781-369E6512FCE3}"
EndProject
Global
	GlobalSection(SolutionConfigurationPlatforms) = preSolution
		Debug|Any CPU = Debug|Any CPU
		Debug|x64 = Debug|x64
		Debug|x86 = Debug|x86
		Release|Any CPU = Release|Any CPU
		Release|x64 = Release|x64
		Release|x86 = Release|x86
	EndGlobalSection
	GlobalSection(ProjectConfigurationPlatforms) = postSolution
		{1BE579F7-78FD-4007-9272-679A65E7580B}.Debug|Any CPU.ActiveCfg = Debug|Any CPU
		{1BE579F7-78FD-4007-9272-679A65E7580B}.Debug|Any CPU.Build.0 = Debug|Any CPU
		{1BE579F7-78FD-4007-9272-679A65E7580B}.Debug|x64.ActiveCfg = Debug|Any CPU
		{1BE579F7-78FD-4007-9272-679A65E7580B}.Debug|x64.Build.0 = Debug|Any CPU
		{1BE579F7-78FD-4007-9272-679A65E7580B}.Debug|x86.ActiveCfg = Debug|Any CPU
		{1BE579F7-78FD-4007-9272-679A65E7580B}.Debug|x86.Build.0 = Debug|Any CPU
		{1BE579F7-78FD-4007-9272-679A65E7580B}.Release|Any CPU.ActiveCfg = Release|Any CPU
		{1BE579F7-78FD-4007-9272-679A65E7580B}.Release|Any CPU.Build.0 = Release|Any CPU
		{1BE579F7-78FD-4007-9272-679A65E7580B}.Release|x64.ActiveCfg = Release|Any CPU
		{1BE579F7-78FD-4007-9272-679A65E7580B}.Release|x64.Build.0 = Release|Any CPU
		{1BE579F7-78FD-4007-9272-679A65E7580B}.Release|x86.ActiveCfg = Release|Any CPU
		{1BE579F7-78FD-4007-9272-679A65E7580B}.Release|x86.Build.0 = Release|Any CPU
		{41872478-074B-4CE6-97C2-5B00371780F7}.Debug|Any CPU.ActiveCfg = Debug|Any CPU
		{41872478-074B-4CE6-97C2-5B00371780F7}.Debug|Any CPU.Build.0 = Debug|Any CPU
		{41872478-074B-4CE6-97C2-5B00371780F7}.Debug|x64.ActiveCfg = Debug|Any CPU
		{41872478-074B-4CE6-97C2-5B00371780F7}.Debug|x64.Build.0 = Debug|Any CPU
		{41872478-074B-4CE6-97C2-5B00371780F7}.Debug|x86.ActiveCfg = Debug|Any CPU
		{41872478-074B-4CE6-97C2-5B00371780F7}.Debug|x86.Build.0 = Debug|Any CPU
		{41872478-074B-4CE6-97C2-5B00371780F7}.Release|Any CPU.ActiveCfg = Release|Any CPU
		{41872478-074B-4CE6-97C2-5B00371780F7}.Release|Any CPU.Build.0 = Release|Any CPU
		{41872478-074B-4CE6-97C2-5B00371780F7}.Release|x64.ActiveCfg = Release|Any CPU
		{41872478-074B-4CE6-97C2-5B00371780F7}.Release|x64.Build.0 = Release|Any CPU
		{41872478-074B-4CE6-97C2-5B00371780F7}.Release|x86.ActiveCfg = Release|Any CPU
		{41872478-074B-4CE6-97C2-5B00371780F7}.Release|x86.Build.0 = Release|Any CPU
		{86BD7F9F-A41A-4260-B4DA-16754996C5C1}.Debug|Any CPU.ActiveCfg = Debug|Any CPU
		{86BD7F9F-A41A-4260-B4DA-16754996C5C1}.Debug|Any CPU.Build.0 = Debug|Any CPU
		{86BD7F9F-A41A-4260-B4DA-16754996C5C1}.Debug|x64.ActiveCfg = Debug|Any CPU
		{86BD7F9F-A41A-4260-B4DA-16754996C5C1}.Debug|x64.Build.0 = Debug|Any CPU
		{86BD7F9F-A41A-4260-B4DA-16754996C5C1}.Debug|x86.ActiveCfg = Debug|Any CPU
		{86BD7F9F-A41A-4260-B4DA-16754996C5C1}.Debug|x86.Build.0 = Debug|Any CPU
		{86BD7F9F-A41A-4260-B4DA-16754996C5C1}.Release|Any CPU.ActiveCfg = Release|Any CPU
		{86BD7F9F-A41A-4260-B4DA-16754996C5C1}.Release|Any CPU.Build.0 = Release|Any CPU
		{86BD7F9F-A41A-4260-B4DA-16754996C5C1}.Release|x64.ActiveCfg = Release|Any CPU
		{86BD7F9F-A41A-4260-B4DA-16754996C5C1}.Release|x64.Build.0 = Release|Any CPU
		{86BD7F9F-A41A-4260-B4DA-16754996C5C1}.Release|x86.ActiveCfg = Release|Any CPU
		{86BD7F9F-A41A-4260-B4DA-16754996C5C1}.Release|x86.Build.0 = Release|Any CPU
		{3EE2B0DB-67D2-4808-83E5-ACB587F0F1F4}.Debug|Any CPU.ActiveCfg = Debug|Any CPU
		{3EE2B0DB-67D2-4808-83E5-ACB587F0F1F4}.Debug|Any CPU.Build.0 = Debug|Any CPU
		{3EE2B0DB-67D2-4808-83E5-ACB587F0F1F4}.Debug|x64.ActiveCfg = Debug|Any CPU
		{3EE2B0DB-67D2-4808-83E5-ACB587F0F1F4}.Debug|x64.Build.0 = Debug|Any CPU
		{3EE2B0DB-67D2-4808-83E5-ACB587F0F1F4}.Debug|x86.ActiveCfg = Debug|Any CPU
		{3EE2B0DB-67D2-4808-83E5-ACB587F0F1F4}.Debug|x86.Build.0 = Debug|Any CPU
		{3EE2B0DB-67D2-4808-83E5-ACB587F0F1F4}.Release|Any CPU.ActiveCfg = Release|Any CPU
		{3EE2B0DB-67D2-4808-83E5-ACB587F0F1F4}.Release|Any CPU.Build.0 = Release|Any CPU
		{3EE2B0DB-67D2-4808-83E5-ACB587F0F1F4}.Release|x64.ActiveCfg = Release|Any CPU
		{3EE2B0DB-67D2-4808-83E5-ACB587F0F1F4}.Release|x64.Build.0 = Release|Any CPU
		{3EE2B0DB-67D2-4808-83E5-ACB587F0F1F4}.Release|x86.ActiveCfg = Release|Any CPU
		{3EE2B0DB-67D2-4808-83E5-ACB587F0F1F4}.Release|x86.Build.0 = Release|Any CPU
		{A3EB64F6-29B2-49A5-975A-C0C9514B2372}.Debug|Any CPU.ActiveCfg = Debug|Any CPU
		{A3EB64F6-29B2-49A5-975A-C0C9514B2372}.Debug|Any CPU.Build.0 = Debug|Any CPU
		{A3EB64F6-29B2-49A5-975A-C0C9514B2372}.Debug|x64.ActiveCfg = Debug|Any CPU
		{A3EB64F6-29B2-49A5-975A-C0C9514B2372}.Debug|x64.Build.0 = Debug|Any CPU
		{A3EB64F6-29B2-49A5-975A-C0C9514B2372}.Debug|x86.ActiveCfg = Debug|Any CPU
		{A3EB64F6-29B2-49A5-975A-C0C9514B2372}.Debug|x86.Build.0 = Debug|Any CPU
		{A3EB64F6-29B2-49A5-975A-C0C9514B2372}.Release|Any CPU.ActiveCfg = Release|Any CPU
		{A3EB64F6-29B2-49A5-975A-C0C9514B2372}.Release|Any CPU.Build.0 = Release|Any CPU
		{A3EB64F6-29B2-49A5-975A-C0C9514B2372}.Release|x64.ActiveCfg = Release|Any CPU
		{A3EB64F6-29B2-49A5-975A-C0C9514B2372}.Release|x64.Build.0 = Release|Any CPU
		{A3EB64F6-29B2-49A5-975A-C0C9514B2372}.Release|x86.ActiveCfg = Release|Any CPU
		{A3EB64F6-29B2-49A5-975A-C0C9514B2372}.Release|x86.Build.0 = Release|Any CPU
		{41E703C0-0995-414A-9A52-91B11493E740}.Debug|Any CPU.ActiveCfg = Debug|Any CPU
		{41E703C0-0995-414A-9A52-91B11493E740}.Debug|Any CPU.Build.0 = Debug|Any CPU
		{41E703C0-0995-414A-9A52-91B11493E740}.Debug|x64.ActiveCfg = Debug|Any CPU
		{41E703C0-0995-414A-9A52-91B11493E740}.Debug|x64.Build.0 = Debug|Any CPU
		{41E703C0-0995-414A-9A52-91B11493E740}.Debug|x86.ActiveCfg = Debug|Any CPU
		{41E703C0-0995-414A-9A52-91B11493E740}.Debug|x86.Build.0 = Debug|Any CPU
		{41E703C0-0995-414A-9A52-91B11493E740}.Release|Any CPU.ActiveCfg = Release|Any CPU
		{41E703C0-0995-414A-9A52-91B11493E740}.Release|Any CPU.Build.0 = Release|Any CPU
		{41E703C0-0995-414A-9A52-91B11493E740}.Release|x64.ActiveCfg = Release|Any CPU
		{41E703C0-0995-414A-9A52-91B11493E740}.Release|x64.Build.0 = Release|Any CPU
		{41E703C0-0995-414A-9A52-91B11493E740}.Release|x86.ActiveCfg = Release|Any CPU
		{41E703C0-0995-414A-9A52-91B11493E740}.Release|x86.Build.0 = Release|Any CPU
		{8319943C-2A13-4012-9E30-1E0850755862}.Debug|Any CPU.ActiveCfg = Debug|Any CPU
		{8319943C-2A13-4012-9E30-1E0850755862}.Debug|Any CPU.Build.0 = Debug|Any CPU
		{8319943C-2A13-4012-9E30-1E0850755862}.Debug|x64.ActiveCfg = Debug|Any CPU
		{8319943C-2A13-4012-9E30-1E0850755862}.Debug|x64.Build.0 = Debug|Any CPU
		{8319943C-2A13-4012-9E30-1E0850755862}.Debug|x86.ActiveCfg = Debug|Any CPU
		{8319943C-2A13-4012-9E30-1E0850755862}.Debug|x86.Build.0 = Debug|Any CPU
		{8319943C-2A13-4012-9E30-1E0850755862}.Release|Any CPU.ActiveCfg = Release|Any CPU
		{8319943C-2A13-4012-9E30-1E0850755862}.Release|Any CPU.Build.0 = Release|Any CPU
		{8319943C-2A13-4012-9E30-1E0850755862}.Release|x64.ActiveCfg = Release|Any CPU
		{8319943C-2A13-4012-9E30-1E0850755862}.Release|x64.Build.0 = Release|Any CPU
		{8319943C-2A13-4012-9E30-1E0850755862}.Release|x86.ActiveCfg = Release|Any CPU
		{8319943C-2A13-4012-9E30-1E0850755862}.Release|x86.Build.0 = Release|Any CPU
		{71058AA3-FD41-4310-AFA1-4D0E56D045D8}.Debug|Any CPU.ActiveCfg = Debug|Any CPU
		{71058AA3-FD41-4310-AFA1-4D0E56D045D8}.Debug|Any CPU.Build.0 = Debug|Any CPU
		{71058AA3-FD41-4310-AFA1-4D0E56D045D8}.Debug|x64.ActiveCfg = Debug|Any CPU
		{71058AA3-FD41-4310-AFA1-4D0E56D045D8}.Debug|x64.Build.0 = Debug|Any CPU
		{71058AA3-FD41-4310-AFA1-4D0E56D045D8}.Debug|x86.ActiveCfg = Debug|Any CPU
		{71058AA3-FD41-4310-AFA1-4D0E56D045D8}.Debug|x86.Build.0 = Debug|Any CPU
		{71058AA3-FD41-4310-AFA1-4D0E56D045D8}.Release|Any CPU.ActiveCfg = Release|Any CPU
		{71058AA3-FD41-4310-AFA1-4D0E56D045D8}.Release|Any CPU.Build.0 = Release|Any CPU
		{71058AA3-FD41-4310-AFA1-4D0E56D045D8}.Release|x64.ActiveCfg = Release|Any CPU
		{71058AA3-FD41-4310-AFA1-4D0E56D045D8}.Release|x64.Build.0 = Release|Any CPU
		{71058AA3-FD41-4310-AFA1-4D0E56D045D8}.Release|x86.ActiveCfg = Release|Any CPU
		{71058AA3-FD41-4310-AFA1-4D0E56D045D8}.Release|x86.Build.0 = Release|Any CPU
		{231D5247-F7B4-478F-8E15-455C84CB653C}.Debug|Any CPU.ActiveCfg = Debug|Any CPU
		{231D5247-F7B4-478F-8E15-455C84CB653C}.Debug|Any CPU.Build.0 = Debug|Any CPU
		{231D5247-F7B4-478F-8E15-455C84CB653C}.Debug|x64.ActiveCfg = Debug|Any CPU
		{231D5247-F7B4-478F-8E15-455C84CB653C}.Debug|x64.Build.0 = Debug|Any CPU
		{231D5247-F7B4-478F-8E15-455C84CB653C}.Debug|x86.ActiveCfg = Debug|Any CPU
		{231D5247-F7B4-478F-8E15-455C84CB653C}.Debug|x86.Build.0 = Debug|Any CPU
		{231D5247-F7B4-478F-8E15-455C84CB653C}.Release|Any CPU.ActiveCfg = Release|Any CPU
		{231D5247-F7B4-478F-8E15-455C84CB653C}.Release|Any CPU.Build.0 = Release|Any CPU
		{231D5247-F7B4-478F-8E15-455C84CB653C}.Release|x64.ActiveCfg = Release|Any CPU
		{231D5247-F7B4-478F-8E15-455C84CB653C}.Release|x64.Build.0 = Release|Any CPU
		{231D5247-F7B4-478F-8E15-455C84CB653C}.Release|x86.ActiveCfg = Release|Any CPU
		{231D5247-F7B4-478F-8E15-455C84CB653C}.Release|x86.Build.0 = Release|Any CPU
		{2A357834-9C93-494C-BCD5-6EFFF9AEB554}.Debug|Any CPU.ActiveCfg = Debug|Any CPU
		{2A357834-9C93-494C-BCD5-6EFFF9AEB554}.Debug|Any CPU.Build.0 = Debug|Any CPU
		{2A357834-9C93-494C-BCD5-6EFFF9AEB554}.Debug|x64.ActiveCfg = Debug|Any CPU
		{2A357834-9C93-494C-BCD5-6EFFF9AEB554}.Debug|x64.Build.0 = Debug|Any CPU
		{2A357834-9C93-494C-BCD5-6EFFF9AEB554}.Debug|x86.ActiveCfg = Debug|Any CPU
		{2A357834-9C93-494C-BCD5-6EFFF9AEB554}.Debug|x86.Build.0 = Debug|Any CPU
		{2A357834-9C93-494C-BCD5-6EFFF9AEB554}.Release|Any CPU.ActiveCfg = Release|Any CPU
		{2A357834-9C93-494C-BCD5-6EFFF9AEB554}.Release|Any CPU.Build.0 = Release|Any CPU
		{2A357834-9C93-494C-BCD5-6EFFF9AEB554}.Release|x64.ActiveCfg = Release|Any CPU
		{2A357834-9C93-494C-BCD5-6EFFF9AEB554}.Release|x64.Build.0 = Release|Any CPU
		{2A357834-9C93-494C-BCD5-6EFFF9AEB554}.Release|x86.ActiveCfg = Release|Any CPU
		{2A357834-9C93-494C-BCD5-6EFFF9AEB554}.Release|x86.Build.0 = Release|Any CPU
		{BDB0AB93-E7CB-44A7-A4C4-6C1DA202FA84}.Debug|Any CPU.ActiveCfg = Debug|Any CPU
		{BDB0AB93-E7CB-44A7-A4C4-6C1DA202FA84}.Debug|Any CPU.Build.0 = Debug|Any CPU
		{BDB0AB93-E7CB-44A7-A4C4-6C1DA202FA84}.Debug|x64.ActiveCfg = Debug|Any CPU
		{BDB0AB93-E7CB-44A7-A4C4-6C1DA202FA84}.Debug|x64.Build.0 = Debug|Any CPU
		{BDB0AB93-E7CB-44A7-A4C4-6C1DA202FA84}.Debug|x86.ActiveCfg = Debug|Any CPU
		{BDB0AB93-E7CB-44A7-A4C4-6C1DA202FA84}.Debug|x86.Build.0 = Debug|Any CPU
		{BDB0AB93-E7CB-44A7-A4C4-6C1DA202FA84}.Release|Any CPU.ActiveCfg = Release|Any CPU
		{BDB0AB93-E7CB-44A7-A4C4-6C1DA202FA84}.Release|Any CPU.Build.0 = Release|Any CPU
		{BDB0AB93-E7CB-44A7-A4C4-6C1DA202FA84}.Release|x64.ActiveCfg = Release|Any CPU
		{BDB0AB93-E7CB-44A7-A4C4-6C1DA202FA84}.Release|x64.Build.0 = Release|Any CPU
		{BDB0AB93-E7CB-44A7-A4C4-6C1DA202FA84}.Release|x86.ActiveCfg = Release|Any CPU
		{BDB0AB93-E7CB-44A7-A4C4-6C1DA202FA84}.Release|x86.Build.0 = Release|Any CPU
		{D36A7433-5740-4FA9-B8C8-1E4F0BD26CDE}.Debug|Any CPU.ActiveCfg = Debug|Any CPU
		{D36A7433-5740-4FA9-B8C8-1E4F0BD26CDE}.Debug|Any CPU.Build.0 = Debug|Any CPU
		{D36A7433-5740-4FA9-B8C8-1E4F0BD26CDE}.Debug|x64.ActiveCfg = Debug|Any CPU
		{D36A7433-5740-4FA9-B8C8-1E4F0BD26CDE}.Debug|x64.Build.0 = Debug|Any CPU
		{D36A7433-5740-4FA9-B8C8-1E4F0BD26CDE}.Debug|x86.ActiveCfg = Debug|Any CPU
		{D36A7433-5740-4FA9-B8C8-1E4F0BD26CDE}.Debug|x86.Build.0 = Debug|Any CPU
		{D36A7433-5740-4FA9-B8C8-1E4F0BD26CDE}.Release|Any CPU.ActiveCfg = Release|Any CPU
		{D36A7433-5740-4FA9-B8C8-1E4F0BD26CDE}.Release|Any CPU.Build.0 = Release|Any CPU
		{D36A7433-5740-4FA9-B8C8-1E4F0BD26CDE}.Release|x64.ActiveCfg = Release|Any CPU
		{D36A7433-5740-4FA9-B8C8-1E4F0BD26CDE}.Release|x64.Build.0 = Release|Any CPU
		{D36A7433-5740-4FA9-B8C8-1E4F0BD26CDE}.Release|x86.ActiveCfg = Release|Any CPU
		{D36A7433-5740-4FA9-B8C8-1E4F0BD26CDE}.Release|x86.Build.0 = Release|Any CPU
		{00E1614D-CCE3-42BF-B1A4-9EAD6E1D0A61}.Debug|Any CPU.ActiveCfg = Debug|Any CPU
		{00E1614D-CCE3-42BF-B1A4-9EAD6E1D0A61}.Debug|Any CPU.Build.0 = Debug|Any CPU
		{00E1614D-CCE3-42BF-B1A4-9EAD6E1D0A61}.Debug|x64.ActiveCfg = Debug|Any CPU
		{00E1614D-CCE3-42BF-B1A4-9EAD6E1D0A61}.Debug|x64.Build.0 = Debug|Any CPU
		{00E1614D-CCE3-42BF-B1A4-9EAD6E1D0A61}.Debug|x86.ActiveCfg = Debug|Any CPU
		{00E1614D-CCE3-42BF-B1A4-9EAD6E1D0A61}.Debug|x86.Build.0 = Debug|Any CPU
		{00E1614D-CCE3-42BF-B1A4-9EAD6E1D0A61}.Release|Any CPU.ActiveCfg = Release|Any CPU
		{00E1614D-CCE3-42BF-B1A4-9EAD6E1D0A61}.Release|Any CPU.Build.0 = Release|Any CPU
		{00E1614D-CCE3-42BF-B1A4-9EAD6E1D0A61}.Release|x64.ActiveCfg = Release|Any CPU
		{00E1614D-CCE3-42BF-B1A4-9EAD6E1D0A61}.Release|x64.Build.0 = Release|Any CPU
		{00E1614D-CCE3-42BF-B1A4-9EAD6E1D0A61}.Release|x86.ActiveCfg = Release|Any CPU
		{00E1614D-CCE3-42BF-B1A4-9EAD6E1D0A61}.Release|x86.Build.0 = Release|Any CPU
		{29045B23-D7E5-4AA1-B536-959809E7AD39}.Debug|Any CPU.ActiveCfg = Debug|Any CPU
		{29045B23-D7E5-4AA1-B536-959809E7AD39}.Debug|Any CPU.Build.0 = Debug|Any CPU
		{29045B23-D7E5-4AA1-B536-959809E7AD39}.Debug|x64.ActiveCfg = Debug|Any CPU
		{29045B23-D7E5-4AA1-B536-959809E7AD39}.Debug|x64.Build.0 = Debug|Any CPU
		{29045B23-D7E5-4AA1-B536-959809E7AD39}.Debug|x86.ActiveCfg = Debug|Any CPU
		{29045B23-D7E5-4AA1-B536-959809E7AD39}.Debug|x86.Build.0 = Debug|Any CPU
		{29045B23-D7E5-4AA1-B536-959809E7AD39}.Release|Any CPU.ActiveCfg = Release|Any CPU
		{29045B23-D7E5-4AA1-B536-959809E7AD39}.Release|Any CPU.Build.0 = Release|Any CPU
		{29045B23-D7E5-4AA1-B536-959809E7AD39}.Release|x64.ActiveCfg = Release|Any CPU
		{29045B23-D7E5-4AA1-B536-959809E7AD39}.Release|x64.Build.0 = Release|Any CPU
		{29045B23-D7E5-4AA1-B536-959809E7AD39}.Release|x86.ActiveCfg = Release|Any CPU
		{29045B23-D7E5-4AA1-B536-959809E7AD39}.Release|x86.Build.0 = Release|Any CPU
		{56A5B1CB-BF8F-4C07-99BD-307A98F16CE9}.Debug|Any CPU.ActiveCfg = Debug|Any CPU
		{56A5B1CB-BF8F-4C07-99BD-307A98F16CE9}.Debug|Any CPU.Build.0 = Debug|Any CPU
		{56A5B1CB-BF8F-4C07-99BD-307A98F16CE9}.Debug|x64.ActiveCfg = Debug|Any CPU
		{56A5B1CB-BF8F-4C07-99BD-307A98F16CE9}.Debug|x64.Build.0 = Debug|Any CPU
		{56A5B1CB-BF8F-4C07-99BD-307A98F16CE9}.Debug|x86.ActiveCfg = Debug|Any CPU
		{56A5B1CB-BF8F-4C07-99BD-307A98F16CE9}.Debug|x86.Build.0 = Debug|Any CPU
		{56A5B1CB-BF8F-4C07-99BD-307A98F16CE9}.Release|Any CPU.ActiveCfg = Release|Any CPU
		{56A5B1CB-BF8F-4C07-99BD-307A98F16CE9}.Release|Any CPU.Build.0 = Release|Any CPU
		{56A5B1CB-BF8F-4C07-99BD-307A98F16CE9}.Release|x64.ActiveCfg = Release|Any CPU
		{56A5B1CB-BF8F-4C07-99BD-307A98F16CE9}.Release|x64.Build.0 = Release|Any CPU
		{56A5B1CB-BF8F-4C07-99BD-307A98F16CE9}.Release|x86.ActiveCfg = Release|Any CPU
		{56A5B1CB-BF8F-4C07-99BD-307A98F16CE9}.Release|x86.Build.0 = Release|Any CPU
		{9FE5997B-684F-4986-B411-ABD4787CF1CB}.Debug|Any CPU.ActiveCfg = Debug|Any CPU
		{9FE5997B-684F-4986-B411-ABD4787CF1CB}.Debug|Any CPU.Build.0 = Debug|Any CPU
		{9FE5997B-684F-4986-B411-ABD4787CF1CB}.Debug|x64.ActiveCfg = Debug|Any CPU
		{9FE5997B-684F-4986-B411-ABD4787CF1CB}.Debug|x64.Build.0 = Debug|Any CPU
		{9FE5997B-684F-4986-B411-ABD4787CF1CB}.Debug|x86.ActiveCfg = Debug|Any CPU
		{9FE5997B-684F-4986-B411-ABD4787CF1CB}.Debug|x86.Build.0 = Debug|Any CPU
		{9FE5997B-684F-4986-B411-ABD4787CF1CB}.Release|Any CPU.ActiveCfg = Release|Any CPU
		{9FE5997B-684F-4986-B411-ABD4787CF1CB}.Release|Any CPU.Build.0 = Release|Any CPU
		{9FE5997B-684F-4986-B411-ABD4787CF1CB}.Release|x64.ActiveCfg = Release|Any CPU
		{9FE5997B-684F-4986-B411-ABD4787CF1CB}.Release|x64.Build.0 = Release|Any CPU
		{9FE5997B-684F-4986-B411-ABD4787CF1CB}.Release|x86.ActiveCfg = Release|Any CPU
		{9FE5997B-684F-4986-B411-ABD4787CF1CB}.Release|x86.Build.0 = Release|Any CPU
		{5D4563E9-7DC2-498B-A3CE-D7410F3DD751}.Debug|Any CPU.ActiveCfg = Debug|Any CPU
		{5D4563E9-7DC2-498B-A3CE-D7410F3DD751}.Debug|Any CPU.Build.0 = Debug|Any CPU
		{5D4563E9-7DC2-498B-A3CE-D7410F3DD751}.Debug|x64.ActiveCfg = Debug|Any CPU
		{5D4563E9-7DC2-498B-A3CE-D7410F3DD751}.Debug|x64.Build.0 = Debug|Any CPU
		{5D4563E9-7DC2-498B-A3CE-D7410F3DD751}.Debug|x86.ActiveCfg = Debug|Any CPU
		{5D4563E9-7DC2-498B-A3CE-D7410F3DD751}.Debug|x86.Build.0 = Debug|Any CPU
		{5D4563E9-7DC2-498B-A3CE-D7410F3DD751}.Release|Any CPU.ActiveCfg = Release|Any CPU
		{5D4563E9-7DC2-498B-A3CE-D7410F3DD751}.Release|Any CPU.Build.0 = Release|Any CPU
		{5D4563E9-7DC2-498B-A3CE-D7410F3DD751}.Release|x64.ActiveCfg = Release|Any CPU
		{5D4563E9-7DC2-498B-A3CE-D7410F3DD751}.Release|x64.Build.0 = Release|Any CPU
		{5D4563E9-7DC2-498B-A3CE-D7410F3DD751}.Release|x86.ActiveCfg = Release|Any CPU
		{5D4563E9-7DC2-498B-A3CE-D7410F3DD751}.Release|x86.Build.0 = Release|Any CPU
		{F370658A-BF0F-4453-B54F-8DAB1DB31B9C}.Debug|Any CPU.ActiveCfg = Debug|Any CPU
		{F370658A-BF0F-4453-B54F-8DAB1DB31B9C}.Debug|Any CPU.Build.0 = Debug|Any CPU
		{F370658A-BF0F-4453-B54F-8DAB1DB31B9C}.Debug|x64.ActiveCfg = Debug|Any CPU
		{F370658A-BF0F-4453-B54F-8DAB1DB31B9C}.Debug|x64.Build.0 = Debug|Any CPU
		{F370658A-BF0F-4453-B54F-8DAB1DB31B9C}.Debug|x86.ActiveCfg = Debug|Any CPU
		{F370658A-BF0F-4453-B54F-8DAB1DB31B9C}.Debug|x86.Build.0 = Debug|Any CPU
		{F370658A-BF0F-4453-B54F-8DAB1DB31B9C}.Release|Any CPU.ActiveCfg = Release|Any CPU
		{F370658A-BF0F-4453-B54F-8DAB1DB31B9C}.Release|Any CPU.Build.0 = Release|Any CPU
		{F370658A-BF0F-4453-B54F-8DAB1DB31B9C}.Release|x64.ActiveCfg = Release|Any CPU
		{F370658A-BF0F-4453-B54F-8DAB1DB31B9C}.Release|x64.Build.0 = Release|Any CPU
		{F370658A-BF0F-4453-B54F-8DAB1DB31B9C}.Release|x86.ActiveCfg = Release|Any CPU
		{F370658A-BF0F-4453-B54F-8DAB1DB31B9C}.Release|x86.Build.0 = Release|Any CPU
		{47E826B2-C60E-4619-A6FD-E69EC871F3F0}.Debug|Any CPU.ActiveCfg = Debug|Any CPU
		{47E826B2-C60E-4619-A6FD-E69EC871F3F0}.Debug|Any CPU.Build.0 = Debug|Any CPU
		{47E826B2-C60E-4619-A6FD-E69EC871F3F0}.Debug|x64.ActiveCfg = Debug|Any CPU
		{47E826B2-C60E-4619-A6FD-E69EC871F3F0}.Debug|x64.Build.0 = Debug|Any CPU
		{47E826B2-C60E-4619-A6FD-E69EC871F3F0}.Debug|x86.ActiveCfg = Debug|Any CPU
		{47E826B2-C60E-4619-A6FD-E69EC871F3F0}.Debug|x86.Build.0 = Debug|Any CPU
		{47E826B2-C60E-4619-A6FD-E69EC871F3F0}.Release|Any CPU.ActiveCfg = Release|Any CPU
		{47E826B2-C60E-4619-A6FD-E69EC871F3F0}.Release|Any CPU.Build.0 = Release|Any CPU
		{47E826B2-C60E-4619-A6FD-E69EC871F3F0}.Release|x64.ActiveCfg = Release|Any CPU
		{47E826B2-C60E-4619-A6FD-E69EC871F3F0}.Release|x64.Build.0 = Release|Any CPU
		{47E826B2-C60E-4619-A6FD-E69EC871F3F0}.Release|x86.ActiveCfg = Release|Any CPU
		{47E826B2-C60E-4619-A6FD-E69EC871F3F0}.Release|x86.Build.0 = Release|Any CPU
		{A589B70B-1B26-4D7A-8BB4-2E5AA837D15A}.Debug|Any CPU.ActiveCfg = Debug|Any CPU
		{A589B70B-1B26-4D7A-8BB4-2E5AA837D15A}.Debug|Any CPU.Build.0 = Debug|Any CPU
		{A589B70B-1B26-4D7A-8BB4-2E5AA837D15A}.Debug|x64.ActiveCfg = Debug|Any CPU
		{A589B70B-1B26-4D7A-8BB4-2E5AA837D15A}.Debug|x64.Build.0 = Debug|Any CPU
		{A589B70B-1B26-4D7A-8BB4-2E5AA837D15A}.Debug|x86.ActiveCfg = Debug|Any CPU
		{A589B70B-1B26-4D7A-8BB4-2E5AA837D15A}.Debug|x86.Build.0 = Debug|Any CPU
		{A589B70B-1B26-4D7A-8BB4-2E5AA837D15A}.Release|Any CPU.ActiveCfg = Release|Any CPU
		{A589B70B-1B26-4D7A-8BB4-2E5AA837D15A}.Release|Any CPU.Build.0 = Release|Any CPU
		{A589B70B-1B26-4D7A-8BB4-2E5AA837D15A}.Release|x64.ActiveCfg = Release|Any CPU
		{A589B70B-1B26-4D7A-8BB4-2E5AA837D15A}.Release|x64.Build.0 = Release|Any CPU
		{A589B70B-1B26-4D7A-8BB4-2E5AA837D15A}.Release|x86.ActiveCfg = Release|Any CPU
		{A589B70B-1B26-4D7A-8BB4-2E5AA837D15A}.Release|x86.Build.0 = Release|Any CPU
		{271F91A6-7395-4AAE-AE8D-B0A1C00AB3B3}.Debug|Any CPU.ActiveCfg = Debug|Any CPU
		{271F91A6-7395-4AAE-AE8D-B0A1C00AB3B3}.Debug|Any CPU.Build.0 = Debug|Any CPU
		{271F91A6-7395-4AAE-AE8D-B0A1C00AB3B3}.Debug|x64.ActiveCfg = Debug|Any CPU
		{271F91A6-7395-4AAE-AE8D-B0A1C00AB3B3}.Debug|x64.Build.0 = Debug|Any CPU
		{271F91A6-7395-4AAE-AE8D-B0A1C00AB3B3}.Debug|x86.ActiveCfg = Debug|Any CPU
		{271F91A6-7395-4AAE-AE8D-B0A1C00AB3B3}.Debug|x86.Build.0 = Debug|Any CPU
		{271F91A6-7395-4AAE-AE8D-B0A1C00AB3B3}.Release|Any CPU.ActiveCfg = Release|Any CPU
		{271F91A6-7395-4AAE-AE8D-B0A1C00AB3B3}.Release|Any CPU.Build.0 = Release|Any CPU
		{271F91A6-7395-4AAE-AE8D-B0A1C00AB3B3}.Release|x64.ActiveCfg = Release|Any CPU
		{271F91A6-7395-4AAE-AE8D-B0A1C00AB3B3}.Release|x64.Build.0 = Release|Any CPU
		{271F91A6-7395-4AAE-AE8D-B0A1C00AB3B3}.Release|x86.ActiveCfg = Release|Any CPU
		{271F91A6-7395-4AAE-AE8D-B0A1C00AB3B3}.Release|x86.Build.0 = Release|Any CPU
		{23419FEC-2F8A-4501-81CA-B571E70E6031}.Debug|Any CPU.ActiveCfg = Debug|Any CPU
		{23419FEC-2F8A-4501-81CA-B571E70E6031}.Debug|Any CPU.Build.0 = Debug|Any CPU
		{23419FEC-2F8A-4501-81CA-B571E70E6031}.Debug|x64.ActiveCfg = Debug|Any CPU
		{23419FEC-2F8A-4501-81CA-B571E70E6031}.Debug|x64.Build.0 = Debug|Any CPU
		{23419FEC-2F8A-4501-81CA-B571E70E6031}.Debug|x86.ActiveCfg = Debug|Any CPU
		{23419FEC-2F8A-4501-81CA-B571E70E6031}.Debug|x86.Build.0 = Debug|Any CPU
		{23419FEC-2F8A-4501-81CA-B571E70E6031}.Release|Any CPU.ActiveCfg = Release|Any CPU
		{23419FEC-2F8A-4501-81CA-B571E70E6031}.Release|Any CPU.Build.0 = Release|Any CPU
		{23419FEC-2F8A-4501-81CA-B571E70E6031}.Release|x64.ActiveCfg = Release|Any CPU
		{23419FEC-2F8A-4501-81CA-B571E70E6031}.Release|x64.Build.0 = Release|Any CPU
		{23419FEC-2F8A-4501-81CA-B571E70E6031}.Release|x86.ActiveCfg = Release|Any CPU
		{23419FEC-2F8A-4501-81CA-B571E70E6031}.Release|x86.Build.0 = Release|Any CPU
		{9C4BAC06-8323-4B03-BF9C-6A7936939F8A}.Debug|Any CPU.ActiveCfg = Debug|Any CPU
		{9C4BAC06-8323-4B03-BF9C-6A7936939F8A}.Debug|Any CPU.Build.0 = Debug|Any CPU
		{9C4BAC06-8323-4B03-BF9C-6A7936939F8A}.Debug|x64.ActiveCfg = Debug|Any CPU
		{9C4BAC06-8323-4B03-BF9C-6A7936939F8A}.Debug|x64.Build.0 = Debug|Any CPU
		{9C4BAC06-8323-4B03-BF9C-6A7936939F8A}.Debug|x86.ActiveCfg = Debug|Any CPU
		{9C4BAC06-8323-4B03-BF9C-6A7936939F8A}.Debug|x86.Build.0 = Debug|Any CPU
		{9C4BAC06-8323-4B03-BF9C-6A7936939F8A}.Release|Any CPU.ActiveCfg = Release|Any CPU
		{9C4BAC06-8323-4B03-BF9C-6A7936939F8A}.Release|Any CPU.Build.0 = Release|Any CPU
		{9C4BAC06-8323-4B03-BF9C-6A7936939F8A}.Release|x64.ActiveCfg = Release|Any CPU
		{9C4BAC06-8323-4B03-BF9C-6A7936939F8A}.Release|x64.Build.0 = Release|Any CPU
		{9C4BAC06-8323-4B03-BF9C-6A7936939F8A}.Release|x86.ActiveCfg = Release|Any CPU
		{9C4BAC06-8323-4B03-BF9C-6A7936939F8A}.Release|x86.Build.0 = Release|Any CPU
		{715A6A93-4CFF-40A3-A30E-CF54A0DE29AA}.Debug|Any CPU.ActiveCfg = Debug|Any CPU
		{715A6A93-4CFF-40A3-A30E-CF54A0DE29AA}.Debug|Any CPU.Build.0 = Debug|Any CPU
		{715A6A93-4CFF-40A3-A30E-CF54A0DE29AA}.Debug|x64.ActiveCfg = Debug|Any CPU
		{715A6A93-4CFF-40A3-A30E-CF54A0DE29AA}.Debug|x64.Build.0 = Debug|Any CPU
		{715A6A93-4CFF-40A3-A30E-CF54A0DE29AA}.Debug|x86.ActiveCfg = Debug|Any CPU
		{715A6A93-4CFF-40A3-A30E-CF54A0DE29AA}.Debug|x86.Build.0 = Debug|Any CPU
		{715A6A93-4CFF-40A3-A30E-CF54A0DE29AA}.Release|Any CPU.ActiveCfg = Release|Any CPU
		{715A6A93-4CFF-40A3-A30E-CF54A0DE29AA}.Release|Any CPU.Build.0 = Release|Any CPU
		{715A6A93-4CFF-40A3-A30E-CF54A0DE29AA}.Release|x64.ActiveCfg = Release|Any CPU
		{715A6A93-4CFF-40A3-A30E-CF54A0DE29AA}.Release|x64.Build.0 = Release|Any CPU
		{715A6A93-4CFF-40A3-A30E-CF54A0DE29AA}.Release|x86.ActiveCfg = Release|Any CPU
		{715A6A93-4CFF-40A3-A30E-CF54A0DE29AA}.Release|x86.Build.0 = Release|Any CPU
		{27631547-095D-44B2-8D55-005FCB7FE29F}.Debug|Any CPU.ActiveCfg = Debug|Any CPU
		{27631547-095D-44B2-8D55-005FCB7FE29F}.Debug|Any CPU.Build.0 = Debug|Any CPU
		{27631547-095D-44B2-8D55-005FCB7FE29F}.Debug|x64.ActiveCfg = Debug|Any CPU
		{27631547-095D-44B2-8D55-005FCB7FE29F}.Debug|x64.Build.0 = Debug|Any CPU
		{27631547-095D-44B2-8D55-005FCB7FE29F}.Debug|x86.ActiveCfg = Debug|Any CPU
		{27631547-095D-44B2-8D55-005FCB7FE29F}.Debug|x86.Build.0 = Debug|Any CPU
		{27631547-095D-44B2-8D55-005FCB7FE29F}.Release|Any CPU.ActiveCfg = Release|Any CPU
		{27631547-095D-44B2-8D55-005FCB7FE29F}.Release|Any CPU.Build.0 = Release|Any CPU
		{27631547-095D-44B2-8D55-005FCB7FE29F}.Release|x64.ActiveCfg = Release|Any CPU
		{27631547-095D-44B2-8D55-005FCB7FE29F}.Release|x64.Build.0 = Release|Any CPU
		{27631547-095D-44B2-8D55-005FCB7FE29F}.Release|x86.ActiveCfg = Release|Any CPU
		{27631547-095D-44B2-8D55-005FCB7FE29F}.Release|x86.Build.0 = Release|Any CPU
		{CA7C72DE-72DE-42AA-A449-2A303DE75256}.Debug|Any CPU.ActiveCfg = Debug|Any CPU
		{CA7C72DE-72DE-42AA-A449-2A303DE75256}.Debug|Any CPU.Build.0 = Debug|Any CPU
		{CA7C72DE-72DE-42AA-A449-2A303DE75256}.Debug|x64.ActiveCfg = Debug|Any CPU
		{CA7C72DE-72DE-42AA-A449-2A303DE75256}.Debug|x64.Build.0 = Debug|Any CPU
		{CA7C72DE-72DE-42AA-A449-2A303DE75256}.Debug|x86.ActiveCfg = Debug|Any CPU
		{CA7C72DE-72DE-42AA-A449-2A303DE75256}.Debug|x86.Build.0 = Debug|Any CPU
		{CA7C72DE-72DE-42AA-A449-2A303DE75256}.Release|Any CPU.ActiveCfg = Release|Any CPU
		{CA7C72DE-72DE-42AA-A449-2A303DE75256}.Release|Any CPU.Build.0 = Release|Any CPU
		{CA7C72DE-72DE-42AA-A449-2A303DE75256}.Release|x64.ActiveCfg = Release|Any CPU
		{CA7C72DE-72DE-42AA-A449-2A303DE75256}.Release|x64.Build.0 = Release|Any CPU
		{CA7C72DE-72DE-42AA-A449-2A303DE75256}.Release|x86.ActiveCfg = Release|Any CPU
		{CA7C72DE-72DE-42AA-A449-2A303DE75256}.Release|x86.Build.0 = Release|Any CPU
		{F063567E-F3BF-4D3D-B09C-AF33F46BF928}.Debug|Any CPU.ActiveCfg = Debug|Any CPU
		{F063567E-F3BF-4D3D-B09C-AF33F46BF928}.Debug|Any CPU.Build.0 = Debug|Any CPU
		{F063567E-F3BF-4D3D-B09C-AF33F46BF928}.Debug|x64.ActiveCfg = Debug|Any CPU
		{F063567E-F3BF-4D3D-B09C-AF33F46BF928}.Debug|x64.Build.0 = Debug|Any CPU
		{F063567E-F3BF-4D3D-B09C-AF33F46BF928}.Debug|x86.ActiveCfg = Debug|Any CPU
		{F063567E-F3BF-4D3D-B09C-AF33F46BF928}.Debug|x86.Build.0 = Debug|Any CPU
		{F063567E-F3BF-4D3D-B09C-AF33F46BF928}.Release|Any CPU.ActiveCfg = Release|Any CPU
		{F063567E-F3BF-4D3D-B09C-AF33F46BF928}.Release|Any CPU.Build.0 = Release|Any CPU
		{F063567E-F3BF-4D3D-B09C-AF33F46BF928}.Release|x64.ActiveCfg = Release|Any CPU
		{F063567E-F3BF-4D3D-B09C-AF33F46BF928}.Release|x64.Build.0 = Release|Any CPU
		{F063567E-F3BF-4D3D-B09C-AF33F46BF928}.Release|x86.ActiveCfg = Release|Any CPU
		{F063567E-F3BF-4D3D-B09C-AF33F46BF928}.Release|x86.Build.0 = Release|Any CPU
		{AE00BB59-8AFA-43AA-87C3-172F72E181EB}.Debug|Any CPU.ActiveCfg = Debug|Any CPU
		{AE00BB59-8AFA-43AA-87C3-172F72E181EB}.Debug|Any CPU.Build.0 = Debug|Any CPU
		{AE00BB59-8AFA-43AA-87C3-172F72E181EB}.Debug|x64.ActiveCfg = Debug|Any CPU
		{AE00BB59-8AFA-43AA-87C3-172F72E181EB}.Debug|x64.Build.0 = Debug|Any CPU
		{AE00BB59-8AFA-43AA-87C3-172F72E181EB}.Debug|x86.ActiveCfg = Debug|Any CPU
		{AE00BB59-8AFA-43AA-87C3-172F72E181EB}.Debug|x86.Build.0 = Debug|Any CPU
		{AE00BB59-8AFA-43AA-87C3-172F72E181EB}.Release|Any CPU.ActiveCfg = Release|Any CPU
		{AE00BB59-8AFA-43AA-87C3-172F72E181EB}.Release|Any CPU.Build.0 = Release|Any CPU
		{AE00BB59-8AFA-43AA-87C3-172F72E181EB}.Release|x64.ActiveCfg = Release|Any CPU
		{AE00BB59-8AFA-43AA-87C3-172F72E181EB}.Release|x64.Build.0 = Release|Any CPU
		{AE00BB59-8AFA-43AA-87C3-172F72E181EB}.Release|x86.ActiveCfg = Release|Any CPU
		{AE00BB59-8AFA-43AA-87C3-172F72E181EB}.Release|x86.Build.0 = Release|Any CPU
		{E03E304E-FC70-4F4E-831D-1F7FCACFD80D}.Debug|Any CPU.ActiveCfg = Debug|Any CPU
		{E03E304E-FC70-4F4E-831D-1F7FCACFD80D}.Debug|Any CPU.Build.0 = Debug|Any CPU
		{E03E304E-FC70-4F4E-831D-1F7FCACFD80D}.Debug|x64.ActiveCfg = Debug|Any CPU
		{E03E304E-FC70-4F4E-831D-1F7FCACFD80D}.Debug|x64.Build.0 = Debug|Any CPU
		{E03E304E-FC70-4F4E-831D-1F7FCACFD80D}.Debug|x86.ActiveCfg = Debug|Any CPU
		{E03E304E-FC70-4F4E-831D-1F7FCACFD80D}.Debug|x86.Build.0 = Debug|Any CPU
		{E03E304E-FC70-4F4E-831D-1F7FCACFD80D}.Release|Any CPU.ActiveCfg = Release|Any CPU
		{E03E304E-FC70-4F4E-831D-1F7FCACFD80D}.Release|Any CPU.Build.0 = Release|Any CPU
		{E03E304E-FC70-4F4E-831D-1F7FCACFD80D}.Release|x64.ActiveCfg = Release|Any CPU
		{E03E304E-FC70-4F4E-831D-1F7FCACFD80D}.Release|x64.Build.0 = Release|Any CPU
		{E03E304E-FC70-4F4E-831D-1F7FCACFD80D}.Release|x86.ActiveCfg = Release|Any CPU
		{E03E304E-FC70-4F4E-831D-1F7FCACFD80D}.Release|x86.Build.0 = Release|Any CPU
		{049651E9-C755-4E23-98BE-7617B73D0599}.Debug|Any CPU.ActiveCfg = Debug|Any CPU
		{049651E9-C755-4E23-98BE-7617B73D0599}.Debug|Any CPU.Build.0 = Debug|Any CPU
		{049651E9-C755-4E23-98BE-7617B73D0599}.Debug|x64.ActiveCfg = Debug|Any CPU
		{049651E9-C755-4E23-98BE-7617B73D0599}.Debug|x64.Build.0 = Debug|Any CPU
		{049651E9-C755-4E23-98BE-7617B73D0599}.Debug|x86.ActiveCfg = Debug|Any CPU
		{049651E9-C755-4E23-98BE-7617B73D0599}.Debug|x86.Build.0 = Debug|Any CPU
		{049651E9-C755-4E23-98BE-7617B73D0599}.Release|Any CPU.ActiveCfg = Release|Any CPU
		{049651E9-C755-4E23-98BE-7617B73D0599}.Release|Any CPU.Build.0 = Release|Any CPU
		{049651E9-C755-4E23-98BE-7617B73D0599}.Release|x64.ActiveCfg = Release|Any CPU
		{049651E9-C755-4E23-98BE-7617B73D0599}.Release|x64.Build.0 = Release|Any CPU
		{049651E9-C755-4E23-98BE-7617B73D0599}.Release|x86.ActiveCfg = Release|Any CPU
		{049651E9-C755-4E23-98BE-7617B73D0599}.Release|x86.Build.0 = Release|Any CPU
		{2A415ED1-5C5C-4893-A6B8-7D5A2CCDD5A6}.Debug|Any CPU.ActiveCfg = Debug|Any CPU
		{2A415ED1-5C5C-4893-A6B8-7D5A2CCDD5A6}.Debug|Any CPU.Build.0 = Debug|Any CPU
		{2A415ED1-5C5C-4893-A6B8-7D5A2CCDD5A6}.Debug|x64.ActiveCfg = Debug|Any CPU
		{2A415ED1-5C5C-4893-A6B8-7D5A2CCDD5A6}.Debug|x64.Build.0 = Debug|Any CPU
		{2A415ED1-5C5C-4893-A6B8-7D5A2CCDD5A6}.Debug|x86.ActiveCfg = Debug|Any CPU
		{2A415ED1-5C5C-4893-A6B8-7D5A2CCDD5A6}.Debug|x86.Build.0 = Debug|Any CPU
		{2A415ED1-5C5C-4893-A6B8-7D5A2CCDD5A6}.Release|Any CPU.ActiveCfg = Release|Any CPU
		{2A415ED1-5C5C-4893-A6B8-7D5A2CCDD5A6}.Release|Any CPU.Build.0 = Release|Any CPU
		{2A415ED1-5C5C-4893-A6B8-7D5A2CCDD5A6}.Release|x64.ActiveCfg = Release|Any CPU
		{2A415ED1-5C5C-4893-A6B8-7D5A2CCDD5A6}.Release|x64.Build.0 = Release|Any CPU
		{2A415ED1-5C5C-4893-A6B8-7D5A2CCDD5A6}.Release|x86.ActiveCfg = Release|Any CPU
		{2A415ED1-5C5C-4893-A6B8-7D5A2CCDD5A6}.Release|x86.Build.0 = Release|Any CPU
		{1D873BF3-37ED-4BB1-AF8B-C01C22D0EC0B}.Debug|Any CPU.ActiveCfg = Debug|Any CPU
		{1D873BF3-37ED-4BB1-AF8B-C01C22D0EC0B}.Debug|Any CPU.Build.0 = Debug|Any CPU
		{1D873BF3-37ED-4BB1-AF8B-C01C22D0EC0B}.Debug|x64.ActiveCfg = Debug|Any CPU
		{1D873BF3-37ED-4BB1-AF8B-C01C22D0EC0B}.Debug|x64.Build.0 = Debug|Any CPU
		{1D873BF3-37ED-4BB1-AF8B-C01C22D0EC0B}.Debug|x86.ActiveCfg = Debug|Any CPU
		{1D873BF3-37ED-4BB1-AF8B-C01C22D0EC0B}.Debug|x86.Build.0 = Debug|Any CPU
		{1D873BF3-37ED-4BB1-AF8B-C01C22D0EC0B}.Release|Any CPU.ActiveCfg = Release|Any CPU
		{1D873BF3-37ED-4BB1-AF8B-C01C22D0EC0B}.Release|Any CPU.Build.0 = Release|Any CPU
		{1D873BF3-37ED-4BB1-AF8B-C01C22D0EC0B}.Release|x64.ActiveCfg = Release|Any CPU
		{1D873BF3-37ED-4BB1-AF8B-C01C22D0EC0B}.Release|x64.Build.0 = Release|Any CPU
		{1D873BF3-37ED-4BB1-AF8B-C01C22D0EC0B}.Release|x86.ActiveCfg = Release|Any CPU
		{1D873BF3-37ED-4BB1-AF8B-C01C22D0EC0B}.Release|x86.Build.0 = Release|Any CPU
		{365D2715-E66B-4C7D-88FB-28CA64C06173}.Debug|Any CPU.ActiveCfg = Debug|Any CPU
		{365D2715-E66B-4C7D-88FB-28CA64C06173}.Debug|Any CPU.Build.0 = Debug|Any CPU
		{365D2715-E66B-4C7D-88FB-28CA64C06173}.Debug|x64.ActiveCfg = Debug|Any CPU
		{365D2715-E66B-4C7D-88FB-28CA64C06173}.Debug|x64.Build.0 = Debug|Any CPU
		{365D2715-E66B-4C7D-88FB-28CA64C06173}.Debug|x86.ActiveCfg = Debug|Any CPU
		{365D2715-E66B-4C7D-88FB-28CA64C06173}.Debug|x86.Build.0 = Debug|Any CPU
		{365D2715-E66B-4C7D-88FB-28CA64C06173}.Release|Any CPU.ActiveCfg = Release|Any CPU
		{365D2715-E66B-4C7D-88FB-28CA64C06173}.Release|Any CPU.Build.0 = Release|Any CPU
		{365D2715-E66B-4C7D-88FB-28CA64C06173}.Release|x64.ActiveCfg = Release|Any CPU
		{365D2715-E66B-4C7D-88FB-28CA64C06173}.Release|x64.Build.0 = Release|Any CPU
		{365D2715-E66B-4C7D-88FB-28CA64C06173}.Release|x86.ActiveCfg = Release|Any CPU
		{365D2715-E66B-4C7D-88FB-28CA64C06173}.Release|x86.Build.0 = Release|Any CPU
		{60C8EA58-0920-4D39-AF58-4AEEA31D4ADF}.Debug|Any CPU.ActiveCfg = Debug|Any CPU
		{60C8EA58-0920-4D39-AF58-4AEEA31D4ADF}.Debug|Any CPU.Build.0 = Debug|Any CPU
		{60C8EA58-0920-4D39-AF58-4AEEA31D4ADF}.Debug|x64.ActiveCfg = Debug|Any CPU
		{60C8EA58-0920-4D39-AF58-4AEEA31D4ADF}.Debug|x64.Build.0 = Debug|Any CPU
		{60C8EA58-0920-4D39-AF58-4AEEA31D4ADF}.Debug|x86.ActiveCfg = Debug|Any CPU
		{60C8EA58-0920-4D39-AF58-4AEEA31D4ADF}.Debug|x86.Build.0 = Debug|Any CPU
		{60C8EA58-0920-4D39-AF58-4AEEA31D4ADF}.Release|Any CPU.ActiveCfg = Release|Any CPU
		{60C8EA58-0920-4D39-AF58-4AEEA31D4ADF}.Release|Any CPU.Build.0 = Release|Any CPU
		{60C8EA58-0920-4D39-AF58-4AEEA31D4ADF}.Release|x64.ActiveCfg = Release|Any CPU
		{60C8EA58-0920-4D39-AF58-4AEEA31D4ADF}.Release|x64.Build.0 = Release|Any CPU
		{60C8EA58-0920-4D39-AF58-4AEEA31D4ADF}.Release|x86.ActiveCfg = Release|Any CPU
		{60C8EA58-0920-4D39-AF58-4AEEA31D4ADF}.Release|x86.Build.0 = Release|Any CPU
		{EE06783B-12F9-45CC-862A-AAAA8A60F794}.Debug|Any CPU.ActiveCfg = Debug|Any CPU
		{EE06783B-12F9-45CC-862A-AAAA8A60F794}.Debug|Any CPU.Build.0 = Debug|Any CPU
		{EE06783B-12F9-45CC-862A-AAAA8A60F794}.Debug|x64.ActiveCfg = Debug|Any CPU
		{EE06783B-12F9-45CC-862A-AAAA8A60F794}.Debug|x64.Build.0 = Debug|Any CPU
		{EE06783B-12F9-45CC-862A-AAAA8A60F794}.Debug|x86.ActiveCfg = Debug|Any CPU
		{EE06783B-12F9-45CC-862A-AAAA8A60F794}.Debug|x86.Build.0 = Debug|Any CPU
		{EE06783B-12F9-45CC-862A-AAAA8A60F794}.Release|Any CPU.ActiveCfg = Release|Any CPU
		{EE06783B-12F9-45CC-862A-AAAA8A60F794}.Release|Any CPU.Build.0 = Release|Any CPU
		{EE06783B-12F9-45CC-862A-AAAA8A60F794}.Release|x64.ActiveCfg = Release|Any CPU
		{EE06783B-12F9-45CC-862A-AAAA8A60F794}.Release|x64.Build.0 = Release|Any CPU
		{EE06783B-12F9-45CC-862A-AAAA8A60F794}.Release|x86.ActiveCfg = Release|Any CPU
		{EE06783B-12F9-45CC-862A-AAAA8A60F794}.Release|x86.Build.0 = Release|Any CPU
		{DDADC365-0CE7-42BA-B120-4EA0F0525266}.Debug|Any CPU.ActiveCfg = Debug|Any CPU
		{DDADC365-0CE7-42BA-B120-4EA0F0525266}.Debug|Any CPU.Build.0 = Debug|Any CPU
		{DDADC365-0CE7-42BA-B120-4EA0F0525266}.Debug|x64.ActiveCfg = Debug|Any CPU
		{DDADC365-0CE7-42BA-B120-4EA0F0525266}.Debug|x64.Build.0 = Debug|Any CPU
		{DDADC365-0CE7-42BA-B120-4EA0F0525266}.Debug|x86.ActiveCfg = Debug|Any CPU
		{DDADC365-0CE7-42BA-B120-4EA0F0525266}.Debug|x86.Build.0 = Debug|Any CPU
		{DDADC365-0CE7-42BA-B120-4EA0F0525266}.Release|Any CPU.ActiveCfg = Release|Any CPU
		{DDADC365-0CE7-42BA-B120-4EA0F0525266}.Release|Any CPU.Build.0 = Release|Any CPU
		{DDADC365-0CE7-42BA-B120-4EA0F0525266}.Release|x64.ActiveCfg = Release|Any CPU
		{DDADC365-0CE7-42BA-B120-4EA0F0525266}.Release|x64.Build.0 = Release|Any CPU
		{DDADC365-0CE7-42BA-B120-4EA0F0525266}.Release|x86.ActiveCfg = Release|Any CPU
		{DDADC365-0CE7-42BA-B120-4EA0F0525266}.Release|x86.Build.0 = Release|Any CPU
		{64FA8BF4-3449-4BDA-BBF2-0E5CAE4A8980}.Debug|Any CPU.ActiveCfg = Debug|Any CPU
		{64FA8BF4-3449-4BDA-BBF2-0E5CAE4A8980}.Debug|Any CPU.Build.0 = Debug|Any CPU
		{64FA8BF4-3449-4BDA-BBF2-0E5CAE4A8980}.Debug|x64.ActiveCfg = Debug|Any CPU
		{64FA8BF4-3449-4BDA-BBF2-0E5CAE4A8980}.Debug|x64.Build.0 = Debug|Any CPU
		{64FA8BF4-3449-4BDA-BBF2-0E5CAE4A8980}.Debug|x86.ActiveCfg = Debug|Any CPU
		{64FA8BF4-3449-4BDA-BBF2-0E5CAE4A8980}.Debug|x86.Build.0 = Debug|Any CPU
		{64FA8BF4-3449-4BDA-BBF2-0E5CAE4A8980}.Release|Any CPU.ActiveCfg = Release|Any CPU
		{64FA8BF4-3449-4BDA-BBF2-0E5CAE4A8980}.Release|Any CPU.Build.0 = Release|Any CPU
		{64FA8BF4-3449-4BDA-BBF2-0E5CAE4A8980}.Release|x64.ActiveCfg = Release|Any CPU
		{64FA8BF4-3449-4BDA-BBF2-0E5CAE4A8980}.Release|x64.Build.0 = Release|Any CPU
		{64FA8BF4-3449-4BDA-BBF2-0E5CAE4A8980}.Release|x86.ActiveCfg = Release|Any CPU
		{64FA8BF4-3449-4BDA-BBF2-0E5CAE4A8980}.Release|x86.Build.0 = Release|Any CPU
		{848B0127-035F-41AC-9C4B-09EF656E0220}.Debug|Any CPU.ActiveCfg = Debug|Any CPU
		{848B0127-035F-41AC-9C4B-09EF656E0220}.Debug|Any CPU.Build.0 = Debug|Any CPU
		{848B0127-035F-41AC-9C4B-09EF656E0220}.Debug|x64.ActiveCfg = Debug|Any CPU
		{848B0127-035F-41AC-9C4B-09EF656E0220}.Debug|x64.Build.0 = Debug|Any CPU
		{848B0127-035F-41AC-9C4B-09EF656E0220}.Debug|x86.ActiveCfg = Debug|Any CPU
		{848B0127-035F-41AC-9C4B-09EF656E0220}.Debug|x86.Build.0 = Debug|Any CPU
		{848B0127-035F-41AC-9C4B-09EF656E0220}.Release|Any CPU.ActiveCfg = Release|Any CPU
		{848B0127-035F-41AC-9C4B-09EF656E0220}.Release|Any CPU.Build.0 = Release|Any CPU
		{848B0127-035F-41AC-9C4B-09EF656E0220}.Release|x64.ActiveCfg = Release|Any CPU
		{848B0127-035F-41AC-9C4B-09EF656E0220}.Release|x64.Build.0 = Release|Any CPU
		{848B0127-035F-41AC-9C4B-09EF656E0220}.Release|x86.ActiveCfg = Release|Any CPU
		{848B0127-035F-41AC-9C4B-09EF656E0220}.Release|x86.Build.0 = Release|Any CPU
		{D142C9D3-542A-420D-BA07-A83911910BEC}.Debug|Any CPU.ActiveCfg = Debug|Any CPU
		{D142C9D3-542A-420D-BA07-A83911910BEC}.Debug|Any CPU.Build.0 = Debug|Any CPU
		{D142C9D3-542A-420D-BA07-A83911910BEC}.Debug|x64.ActiveCfg = Debug|Any CPU
		{D142C9D3-542A-420D-BA07-A83911910BEC}.Debug|x64.Build.0 = Debug|Any CPU
		{D142C9D3-542A-420D-BA07-A83911910BEC}.Debug|x86.ActiveCfg = Debug|Any CPU
		{D142C9D3-542A-420D-BA07-A83911910BEC}.Debug|x86.Build.0 = Debug|Any CPU
		{D142C9D3-542A-420D-BA07-A83911910BEC}.Release|Any CPU.ActiveCfg = Release|Any CPU
		{D142C9D3-542A-420D-BA07-A83911910BEC}.Release|Any CPU.Build.0 = Release|Any CPU
		{D142C9D3-542A-420D-BA07-A83911910BEC}.Release|x64.ActiveCfg = Release|Any CPU
		{D142C9D3-542A-420D-BA07-A83911910BEC}.Release|x64.Build.0 = Release|Any CPU
		{D142C9D3-542A-420D-BA07-A83911910BEC}.Release|x86.ActiveCfg = Release|Any CPU
		{D142C9D3-542A-420D-BA07-A83911910BEC}.Release|x86.Build.0 = Release|Any CPU
		{8E876EE6-5F06-4946-A781-369E6512FCE3}.Debug|Any CPU.ActiveCfg = Debug|Any CPU
		{8E876EE6-5F06-4946-A781-369E6512FCE3}.Debug|Any CPU.Build.0 = Debug|Any CPU
		{8E876EE6-5F06-4946-A781-369E6512FCE3}.Debug|x64.ActiveCfg = Debug|Any CPU
		{8E876EE6-5F06-4946-A781-369E6512FCE3}.Debug|x64.Build.0 = Debug|Any CPU
		{8E876EE6-5F06-4946-A781-369E6512FCE3}.Debug|x86.ActiveCfg = Debug|Any CPU
		{8E876EE6-5F06-4946-A781-369E6512FCE3}.Debug|x86.Build.0 = Debug|Any CPU
		{8E876EE6-5F06-4946-A781-369E6512FCE3}.Release|Any CPU.ActiveCfg = Release|Any CPU
		{8E876EE6-5F06-4946-A781-369E6512FCE3}.Release|Any CPU.Build.0 = Release|Any CPU
		{8E876EE6-5F06-4946-A781-369E6512FCE3}.Release|x64.ActiveCfg = Release|Any CPU
		{8E876EE6-5F06-4946-A781-369E6512FCE3}.Release|x64.Build.0 = Release|Any CPU
		{8E876EE6-5F06-4946-A781-369E6512FCE3}.Release|x86.ActiveCfg = Release|Any CPU
		{8E876EE6-5F06-4946-A781-369E6512FCE3}.Release|x86.Build.0 = Release|Any CPU
	EndGlobalSection
	GlobalSection(SolutionProperties) = preSolution
		HideSolutionNode = FALSE
	EndGlobalSection
	GlobalSection(NestedProjects) = preSolution
		{1BE579F7-78FD-4007-9272-679A65E7580B} = {FBF56CC3-7AE6-AD2D-3F14-7F97FD322CD6}
		{41872478-074B-4CE6-97C2-5B00371780F7} = {DFEE68D8-A7D0-1A41-506C-9B74AA9A7B7B}
		{86BD7F9F-A41A-4260-B4DA-16754996C5C1} = {DFEE68D8-A7D0-1A41-506C-9B74AA9A7B7B}
		{3EE2B0DB-67D2-4808-83E5-ACB587F0F1F4} = {DFEE68D8-A7D0-1A41-506C-9B74AA9A7B7B}
		{A3EB64F6-29B2-49A5-975A-C0C9514B2372} = {DFEE68D8-A7D0-1A41-506C-9B74AA9A7B7B}
		{41E703C0-0995-414A-9A52-91B11493E740} = {DFEE68D8-A7D0-1A41-506C-9B74AA9A7B7B}
		{8319943C-2A13-4012-9E30-1E0850755862} = {DFEE68D8-A7D0-1A41-506C-9B74AA9A7B7B}
		{71058AA3-FD41-4310-AFA1-4D0E56D045D8} = {DFEE68D8-A7D0-1A41-506C-9B74AA9A7B7B}
		{231D5247-F7B4-478F-8E15-455C84CB653C} = {DFEE68D8-A7D0-1A41-506C-9B74AA9A7B7B}
		{2A357834-9C93-494C-BCD5-6EFFF9AEB554} = {DFEE68D8-A7D0-1A41-506C-9B74AA9A7B7B}
		{BDB0AB93-E7CB-44A7-A4C4-6C1DA202FA84} = {DFEE68D8-A7D0-1A41-506C-9B74AA9A7B7B}
		{D36A7433-5740-4FA9-B8C8-1E4F0BD26CDE} = {DFEE68D8-A7D0-1A41-506C-9B74AA9A7B7B}
		{00E1614D-CCE3-42BF-B1A4-9EAD6E1D0A61} = {32563528-547E-220F-B5B9-E847E3AFE754}
		{29045B23-D7E5-4AA1-B536-959809E7AD39} = {32563528-547E-220F-B5B9-E847E3AFE754}
		{56A5B1CB-BF8F-4C07-99BD-307A98F16CE9} = {32563528-547E-220F-B5B9-E847E3AFE754}
		{9FE5997B-684F-4986-B411-ABD4787CF1CB} = {32563528-547E-220F-B5B9-E847E3AFE754}
		{5D4563E9-7DC2-498B-A3CE-D7410F3DD751} = {C09FEB31-2A74-CE51-393E-E875634A3AB8}
		{F370658A-BF0F-4453-B54F-8DAB1DB31B9C} = {C09FEB31-2A74-CE51-393E-E875634A3AB8}
		{47E826B2-C60E-4619-A6FD-E69EC871F3F0} = {C09FEB31-2A74-CE51-393E-E875634A3AB8}
		{A589B70B-1B26-4D7A-8BB4-2E5AA837D15A} = {C09FEB31-2A74-CE51-393E-E875634A3AB8}
		{271F91A6-7395-4AAE-AE8D-B0A1C00AB3B3} = {C09FEB31-2A74-CE51-393E-E875634A3AB8}
		{23419FEC-2F8A-4501-81CA-B571E70E6031} = {C09FEB31-2A74-CE51-393E-E875634A3AB8}
		{9C4BAC06-8323-4B03-BF9C-6A7936939F8A} = {C09FEB31-2A74-CE51-393E-E875634A3AB8}
		{715A6A93-4CFF-40A3-A30E-CF54A0DE29AA} = {C09FEB31-2A74-CE51-393E-E875634A3AB8}
		{27631547-095D-44B2-8D55-005FCB7FE29F} = {C09FEB31-2A74-CE51-393E-E875634A3AB8}
		{CA7C72DE-72DE-42AA-A449-2A303DE75256} = {DFEE68D8-A7D0-1A41-506C-9B74AA9A7B7B}
		{F063567E-F3BF-4D3D-B09C-AF33F46BF928} = {DFEE68D8-A7D0-1A41-506C-9B74AA9A7B7B}
		{AE00BB59-8AFA-43AA-87C3-172F72E181EB} = {DFEE68D8-A7D0-1A41-506C-9B74AA9A7B7B}
		{E03E304E-FC70-4F4E-831D-1F7FCACFD80D} = {0AB3BF05-4346-4AA6-1389-037BE0695223}
		{049651E9-C755-4E23-98BE-7617B73D0599} = {DFEE68D8-A7D0-1A41-506C-9B74AA9A7B7B}
		{2A415ED1-5C5C-4893-A6B8-7D5A2CCDD5A6} = {DFEE68D8-A7D0-1A41-506C-9B74AA9A7B7B}
		{1D873BF3-37ED-4BB1-AF8B-C01C22D0EC0B} = {DFEE68D8-A7D0-1A41-506C-9B74AA9A7B7B}
		{365D2715-E66B-4C7D-88FB-28CA64C06173} = {D4B74A0E-1C52-E2FD-154E-FB64CAA65177}
		{60C8EA58-0920-4D39-AF58-4AEEA31D4ADF} = {03CA3335-FC7F-6AB1-B4E7-D6FF0645643E}
		{EE06783B-12F9-45CC-862A-AAAA8A60F794} = {4FD5FBA0-2B6D-9AF0-80AB-924D53C1394D}
		{DDADC365-0CE7-42BA-B120-4EA0F0525266} = {D537209B-64B2-F104-47DD-D798487C220C}
		{64FA8BF4-3449-4BDA-BBF2-0E5CAE4A8980} = {D4B74A0E-1C52-E2FD-154E-FB64CAA65177}
		{848B0127-035F-41AC-9C4B-09EF656E0220} = {D537209B-64B2-F104-47DD-D798487C220C}
		{D142C9D3-542A-420D-BA07-A83911910BEC} = {D537209B-64B2-F104-47DD-D798487C220C}
		{8E876EE6-5F06-4946-A781-369E6512FCE3} = {D537209B-64B2-F104-47DD-D798487C220C}
	EndGlobalSection
EndGlobal
